
Microsoft Visual Studio Solution File, Format Version 12.00
# Visual Studio 15
VisualStudioVersion = 15.0.27130.2020
MinimumVisualStudioVersion = 10.0.40219.1
Project("{9A19103F-16F7-4668-BE54-9A1E7A4F7556}") = "Core", "Core\Core.csproj", "{8E5C88D4-3FEC-4BE0-BAC9-97AD8DDFCB5E}"
EndProject
Project("{FAE04EC0-301F-11D3-BF4B-00C04F79EFBC}") = "Kernel", "Kernel\Kernel.csproj", "{37FBBCBC-1D7B-41C6-86B0-DBE985B1E81C}"
EndProject
Project("{FAE04EC0-301F-11D3-BF4B-00C04F79EFBC}") = "Tests", "Tests\Tests.csproj", "{69439764-6F58-4415-9D32-675DFF8C6EB7}"
EndProject
Global
	GlobalSection(SolutionConfigurationPlatforms) = preSolution
		Debug|Any CPU = Debug|Any CPU
		Release|Any CPU = Release|Any CPU
	EndGlobalSection
	GlobalSection(ProjectConfigurationPlatforms) = postSolution
		{8E5C88D4-3FEC-4BE0-BAC9-97AD8DDFCB5E}.Debug|Any CPU.ActiveCfg = Debug|Any CPU
		{8E5C88D4-3FEC-4BE0-BAC9-97AD8DDFCB5E}.Debug|Any CPU.Build.0 = Debug|Any CPU
		{8E5C88D4-3FEC-4BE0-BAC9-97AD8DDFCB5E}.Release|Any CPU.ActiveCfg = Release|Any CPU
		{8E5C88D4-3FEC-4BE0-BAC9-97AD8DDFCB5E}.Release|Any CPU.Build.0 = Release|Any CPU
		{37FBBCBC-1D7B-41C6-86B0-DBE985B1E81C}.Debug|Any CPU.ActiveCfg = Debug|Any CPU
		{37FBBCBC-1D7B-41C6-86B0-DBE985B1E81C}.Debug|Any CPU.Build.0 = Debug|Any CPU
		{37FBBCBC-1D7B-41C6-86B0-DBE985B1E81C}.Release|Any CPU.ActiveCfg = Release|Any CPU
		{37FBBCBC-1D7B-41C6-86B0-DBE985B1E81C}.Release|Any CPU.Build.0 = Release|Any CPU
		{69439764-6F58-4415-9D32-675DFF8C6EB7}.Debug|Any CPU.ActiveCfg = Debug|Any CPU
		{69439764-6F58-4415-9D32-675DFF8C6EB7}.Debug|Any CPU.Build.0 = Debug|Any CPU
		{69439764-6F58-4415-9D32-675DFF8C6EB7}.Release|Any CPU.ActiveCfg = Release|Any CPU
		{69439764-6F58-4415-9D32-675DFF8C6EB7}.Release|Any CPU.Build.0 = Release|Any CPU
	EndGlobalSection
	GlobalSection(SolutionProperties) = preSolution
		HideSolutionNode = FALSE
	EndGlobalSection
	GlobalSection(ExtensibilityGlobals) = postSolution
		SolutionGuid = {96B0CE06-D52C-4CCC-808B-64E57FC4DEDD}
	EndGlobalSection
EndGlobal
